{
  "name": "emilgerlach.com",
  "lockfileVersion": 3,
  "requires": true,
  "packages": {
    "": {
      "dependencies": {
        "@bibleup/bibleup": "^1.1.0"
      }
    },
    "node_modules/@bibleup/bibleup": {
      "version": "1.1.0",
      "resolved": "https://registry.npmjs.org/@bibleup/bibleup/-/bibleup-1.1.0.tgz",
      "integrity": "sha512-Ig83FMB6/MS989tZ4GpOuxLXH+AW2G3lukDoXy8Dr327OAlctBG9pJXIT7bYM20i/4R46W5QwktzcS50i4w4qQ==",
      "license": "MIT"
    }
  }
}
